
Microsoft Visual Studio Solution File, Format Version 12.00
# Visual Studio Version 17
VisualStudioVersion = 17.0.31903.59
MinimumVisualStudioVersion = 10.0.40219.1
Project("{2150E333-8FDC-42A3-9474-1A3956D46DE8}") = "src", "src", "{827E0CD3-B72D-47B6-A68D-7590B98EB39B}"
EndProject
Project("{FAE04EC0-301F-11D3-BF4B-00C04F79EFBC}") = "HotelPms.Domain", "src\HotelPms.Domain\HotelPms.Domain.csproj", "{061973B3-F94C-4035-B448-975394ABDE43}"
EndProject
Project("{FAE04EC0-301F-11D3-BF4B-00C04F79EFBC}") = "HotelPms.Application", "src\HotelPms.Application\HotelPms.Application.csproj", "{D549F450-1C7F-4B70-A7CD-9C896F8368A9}"
EndProject
Project("{FAE04EC0-301F-11D3-BF4B-00C04F79EFBC}") = "HotelPms.Infrastructure", "src\HotelPms.Infrastructure\HotelPms.Infrastructure.csproj", "{22AD3EEE-C474-4375-A958-96ADA2A49017}"
EndProject
Project("{FAE04EC0-301F-11D3-BF4B-00C04F79EFBC}") = "HotelPms.Api", "src\HotelPms.Api\HotelPms.Api.csproj", "{D718AA60-47BC-49E9-A07F-7E244B980417}"
EndProject
Project("{2150E333-8FDC-42A3-9474-1A3956D46DE8}") = "tests", "tests", "{0AB3BF05-4346-4AA6-1389-037BE0695223}"
EndProject
Project("{FAE04EC0-301F-11D3-BF4B-00C04F79EFBC}") = "HotelPms.UnitTests", "tests\HotelPms.UnitTests\HotelPms.UnitTests.csproj", "{E941510F-5F56-454C-A83D-044F2AE94863}"
EndProject
Project("{FAE04EC0-301F-11D3-BF4B-00C04F79EFBC}") = "HotelPms.IntegrationTests", "tests\HotelPms.IntegrationTests\HotelPms.IntegrationTests.csproj", "{B8E06582-5585-4BCC-AE3A-E0CD8DD523D1}"
EndProject
Global
	GlobalSection(SolutionConfigurationPlatforms) = preSolution
		Debug|Any CPU = Debug|Any CPU
		Debug|x64 = Debug|x64
		Debug|x86 = Debug|x86
		Release|Any CPU = Release|Any CPU
		Release|x64 = Release|x64
		Release|x86 = Release|x86
	EndGlobalSection
	GlobalSection(ProjectConfigurationPlatforms) = postSolution
		{061973B3-F94C-4035-B448-975394ABDE43}.Debug|Any CPU.ActiveCfg = Debug|Any CPU
		{061973B3-F94C-4035-B448-975394ABDE43}.Debug|Any CPU.Build.0 = Debug|Any CPU
		{061973B3-F94C-4035-B448-975394ABDE43}.Debug|x64.ActiveCfg = Debug|Any CPU
		{061973B3-F94C-4035-B448-975394ABDE43}.Debug|x64.Build.0 = Debug|Any CPU
		{061973B3-F94C-4035-B448-975394ABDE43}.Debug|x86.ActiveCfg = Debug|Any CPU
		{061973B3-F94C-4035-B448-975394ABDE43}.Debug|x86.Build.0 = Debug|Any CPU
		{061973B3-F94C-4035-B448-975394ABDE43}.Release|Any CPU.ActiveCfg = Release|Any CPU
		{061973B3-F94C-4035-B448-975394ABDE43}.Release|Any CPU.Build.0 = Release|Any CPU
		{061973B3-F94C-4035-B448-975394ABDE43}.Release|x64.ActiveCfg = Release|Any CPU
		{061973B3-F94C-4035-B448-975394ABDE43}.Release|x64.Build.0 = Release|Any CPU
		{061973B3-F94C-4035-B448-975394ABDE43}.Release|x86.ActiveCfg = Release|Any CPU
		{061973B3-F94C-4035-B448-975394ABDE43}.Release|x86.Build.0 = Release|Any CPU
		{D549F450-1C7F-4B70-A7CD-9C896F8368A9}.Debug|Any CPU.ActiveCfg = Debug|Any CPU
		{D549F450-1C7F-4B70-A7CD-9C896F8368A9}.Debug|Any CPU.Build.0 = Debug|Any CPU
		{D549F450-1C7F-4B70-A7CD-9C896F8368A9}.Debug|x64.ActiveCfg = Debug|Any CPU
		{D549F450-1C7F-4B70-A7CD-9C896F8368A9}.Debug|x64.Build.0 = Debug|Any CPU
		{D549F450-1C7F-4B70-A7CD-9C896F8368A9}.Debug|x86.ActiveCfg = Debug|Any CPU
		{D549F450-1C7F-4B70-A7CD-9C896F8368A9}.Debug|x86.Build.0 = Debug|Any CPU
		{D549F450-1C7F-4B70-A7CD-9C896F8368A9}.Release|Any CPU.ActiveCfg = Release|Any CPU
		{D549F450-1C7F-4B70-A7CD-9C896F8368A9}.Release|Any CPU.Build.0 = Release|Any CPU
		{D549F450-1C7F-4B70-A7CD-9C896F8368A9}.Release|x64.ActiveCfg = Release|Any CPU
		{D549F450-1C7F-4B70-A7CD-9C896F8368A9}.Release|x64.Build.0 = Release|Any CPU
		{D549F450-1C7F-4B70-A7CD-9C896F8368A9}.Release|x86.ActiveCfg = Release|Any CPU
		{D549F450-1C7F-4B70-A7CD-9C896F8368A9}.Release|x86.Build.0 = Release|Any CPU
		{22AD3EEE-C474-4375-A958-96ADA2A49017}.Debug|Any CPU.ActiveCfg = Debug|Any CPU
		{22AD3EEE-C474-4375-A958-96ADA2A49017}.Debug|Any CPU.Build.0 = Debug|Any CPU
		{22AD3EEE-C474-4375-A958-96ADA2A49017}.Debug|x64.ActiveCfg = Debug|Any CPU
		{22AD3EEE-C474-4375-A958-96ADA2A49017}.Debug|x64.Build.0 = Debug|Any CPU
		{22AD3EEE-C474-4375-A958-96ADA2A49017}.Debug|x86.ActiveCfg = Debug|Any CPU
		{22AD3EEE-C474-4375-A958-96ADA2A49017}.Debug|x86.Build.0 = Debug|Any CPU
		{22AD3EEE-C474-4375-A958-96ADA2A49017}.Release|Any CPU.ActiveCfg = Release|Any CPU
		{22AD3EEE-C474-4375-A958-96ADA2A49017}.Release|Any CPU.Build.0 = Release|Any CPU
		{22AD3EEE-C474-4375-A958-96ADA2A49017}.Release|x64.ActiveCfg = Release|Any CPU
		{22AD3EEE-C474-4375-A958-96ADA2A49017}.Release|x64.Build.0 = Release|Any CPU
		{22AD3EEE-C474-4375-A958-96ADA2A49017}.Release|x86.ActiveCfg = Release|Any CPU
		{22AD3EEE-C474-4375-A958-96ADA2A49017}.Release|x86.Build.0 = Release|Any CPU
		{D718AA60-47BC-49E9-A07F-7E244B980417}.Debug|Any CPU.ActiveCfg = Debug|Any CPU
		{D718AA60-47BC-49E9-A07F-7E244B980417}.Debug|Any CPU.Build.0 = Debug|Any CPU
		{D718AA60-47BC-49E9-A07F-7E244B980417}.Debug|x64.ActiveCfg = Debug|Any CPU
		{D718AA60-47BC-49E9-A07F-7E244B980417}.Debug|x64.Build.0 = Debug|Any CPU
		{D718AA60-47BC-49E9-A07F-7E244B980417}.Debug|x86.ActiveCfg = Debug|Any CPU
		{D718AA60-47BC-49E9-A07F-7E244B980417}.Debug|x86.Build.0 = Debug|Any CPU
		{D718AA60-47BC-49E9-A07F-7E244B980417}.Release|Any CPU.ActiveCfg = Release|Any CPU
		{D718AA60-47BC-49E9-A07F-7E244B980417}.Release|Any CPU.Build.0 = Release|Any CPU
		{D718AA60-47BC-49E9-A07F-7E244B980417}.Release|x64.ActiveCfg = Release|Any CPU
		{D718AA60-47BC-49E9-A07F-7E244B980417}.Release|x64.Build.0 = Release|Any CPU
		{D718AA60-47BC-49E9-A07F-7E244B980417}.Release|x86.ActiveCfg = Release|Any CPU
		{D718AA60-47BC-49E9-A07F-7E244B980417}.Release|x86.Build.0 = Release|Any CPU
		{E941510F-5F56-454C-A83D-044F2AE94863}.Debug|Any CPU.ActiveCfg = Debug|Any CPU
		{E941510F-5F56-454C-A83D-044F2AE94863}.Debug|Any CPU.Build.0 = Debug|Any CPU
		{E941510F-5F56-454C-A83D-044F2AE94863}.Debug|x64.ActiveCfg = Debug|Any CPU
		{E941510F-5F56-454C-A83D-044F2AE94863}.Debug|x64.Build.0 = Debug|Any CPU
		{E941510F-5F56-454C-A83D-044F2AE94863}.Debug|x86.ActiveCfg = Debug|Any CPU
		{E941510F-5F56-454C-A83D-044F2AE94863}.Debug|x86.Build.0 = Debug|Any CPU
		{E941510F-5F56-454C-A83D-044F2AE94863}.Release|Any CPU.ActiveCfg = Release|Any CPU
		{E941510F-5F56-454C-A83D-044F2AE94863}.Release|Any CPU.Build.0 = Release|Any CPU
		{E941510F-5F56-454C-A83D-044F2AE94863}.Release|x64.ActiveCfg = Release|Any CPU
		{E941510F-5F56-454C-A83D-044F2AE94863}.Release|x64.Build.0 = Release|Any CPU
		{E941510F-5F56-454C-A83D-044F2AE94863}.Release|x86.ActiveCfg = Release|Any CPU
		{E941510F-5F56-454C-A83D-044F2AE94863}.Release|x86.Build.0 = Release|Any CPU
		{B8E06582-5585-4BCC-AE3A-E0CD8DD523D1}.Debug|Any CPU.ActiveCfg = Debug|Any CPU
		{B8E06582-5585-4BCC-AE3A-E0CD8DD523D1}.Debug|Any CPU.Build.0 = Debug|Any CPU
		{B8E06582-5585-4BCC-AE3A-E0CD8DD523D1}.Debug|x64.ActiveCfg = Debug|Any CPU
		{B8E06582-5585-4BCC-AE3A-E0CD8DD523D1}.Debug|x64.Build.0 = Debug|Any CPU
		{B8E06582-5585-4BCC-AE3A-E0CD8DD523D1}.Debug|x86.ActiveCfg = Debug|Any CPU
		{B8E06582-5585-4BCC-AE3A-E0CD8DD523D1}.Debug|x86.Build.0 = Debug|Any CPU
		{B8E06582-5585-4BCC-AE3A-E0CD8DD523D1}.Release|Any CPU.ActiveCfg = Release|Any CPU
		{B8E06582-5585-4BCC-AE3A-E0CD8DD523D1}.Release|Any CPU.Build.0 = Release|Any CPU
		{B8E06582-5585-4BCC-AE3A-E0CD8DD523D1}.Release|x64.ActiveCfg = Release|Any CPU
		{B8E06582-5585-4BCC-AE3A-E0CD8DD523D1}.Release|x64.Build.0 = Release|Any CPU
		{B8E06582-5585-4BCC-AE3A-E0CD8DD523D1}.Release|x86.ActiveCfg = Release|Any CPU
		{B8E06582-5585-4BCC-AE3A-E0CD8DD523D1}.Release|x86.Build.0 = Release|Any CPU
	EndGlobalSection
	GlobalSection(SolutionProperties) = preSolution
		HideSolutionNode = FALSE
	EndGlobalSection
	GlobalSection(NestedProjects) = preSolution
		{061973B3-F94C-4035-B448-975394ABDE43} = {827E0CD3-B72D-47B6-A68D-7590B98EB39B}
		{D549F450-1C7F-4B70-A7CD-9C896F8368A9} = {827E0CD3-B72D-47B6-A68D-7590B98EB39B}
		{22AD3EEE-C474-4375-A958-96ADA2A49017} = {827E0CD3-B72D-47B6-A68D-7590B98EB39B}
		{D718AA60-47BC-49E9-A07F-7E244B980417} = {827E0CD3-B72D-47B6-A68D-7590B98EB39B}
		{E941510F-5F56-454C-A83D-044F2AE94863} = {0AB3BF05-4346-4AA6-1389-037BE0695223}
		{B8E06582-5585-4BCC-AE3A-E0CD8DD523D1} = {0AB3BF05-4346-4AA6-1389-037BE0695223}
	EndGlobalSection
EndGlobal
